<?xml version="1.0" encoding="utf-8"?>
<Project ToolsVersion="4.0" xmlns="http://schemas.microsoft.com/developer/msbuild/2003">
  <Import Project="libmonoruntime-common.targets.filters" />
  <Import Project="libmonoruntime-mono.targets.filters" />
  <ItemGroup>
    <Filter Include="Header Files">
      <UniqueIdentifier>{eb8a6a4d-924c-494d-99c1-663e4c09a806}</UniqueIdentifier>
    </Filter>
    <Filter Include="Resource Files">
      <UniqueIdentifier>{b3f8bc4c-d4c8-457a-b29c-5f49d00a3b6c}</UniqueIdentifier>
    </Filter>
    <Filter Include="Source Files">
      <UniqueIdentifier>{3f4ff222-41cc-4bbc-b36b-cac0c21266ad}</UniqueIdentifier>
    </Filter>
    <Filter Include="Source Files\boehm">
      <UniqueIdentifier>{728e57f8-14d3-42f4-b92a-be03cd2acdfa}</UniqueIdentifier>
    </Filter>
    <Filter Include="Source Files\sgen">
      <UniqueIdentifier>{d5996ea0-8b43-4267-a46c-715270aaee2b}</UniqueIdentifier>
    </Filter>
    <Filter Include="Header Files\boehm">
      <UniqueIdentifier>{2446a0bf-5f8b-4789-91ab-6107f72b8539}</UniqueIdentifier>
    </Filter>
    <Filter Include="Header Files\sgen">
      <UniqueIdentifier>{5fede250-d478-466b-aa2a-36d2222de065}</UniqueIdentifier>
    </Filter>
    <Filter Include="Source Files\gc">
      <UniqueIdentifier>{410dd556-6715-4c4e-beff-c5dd7a6b78a1}</UniqueIdentifier>
    </Filter>
    <Filter Include="Header Files\gc">
      <UniqueIdentifier>{e37c9a88-bfb3-47dd-948c-a74dea25b3ad}</UniqueIdentifier>
    </Filter>
  </ItemGroup>
</Project>
